
Microsoft Visual Studio Solution File, Format Version 11.00
# Visual Studio 2010
Project("{FAE04EC0-301F-11D3-BF4B-00C04F79EFBC}") = "Assembly-CSharp", "Assembly-CSharp.csproj", "{487051dc-cf93-2b3b-837d-34a3efb3224d}"
EndProject
Project("{FAE04EC0-301F-11D3-BF4B-00C04F79EFBC}") = "Unity.PlayerPrefsEditor.Samples.SampleScene", "Unity.PlayerPrefsEditor.Samples.SampleScene.csproj", "{7ccaee7c-57f1-d0dd-ef15-d3dae30f2370}"
EndProject
Project("{FAE04EC0-301F-11D3-BF4B-00C04F79EFBC}") = "Unity.PlayerPrefsEditor.Editor", "Unity.PlayerPrefsEditor.Editor.csproj", "{3aaf3567-f4a2-0e75-184f-e4275dace456}"
EndProject
Project("{FAE04EC0-301F-11D3-BF4B-00C04F79EFBC}") = "Unity.PlayerPrefsEditor.EditorResources", "Unity.PlayerPrefsEditor.EditorResources.csproj", "{1aad9bbb-07d9-7316-2a98-dd76a5ddacf2}"
EndProject
Global
	GlobalSection(SolutionConfigurationPlatforms) = preSolution
		Debug|Any CPU = Debug|Any CPU
	EndGlobalSection
	GlobalSection(ProjectConfigurationPlatforms) = postSolution
		{487051dc-cf93-2b3b-837d-34a3efb3224d}.Debug|Any CPU.ActiveCfg = Debug|Any CPU
		{487051dc-cf93-2b3b-837d-34a3efb3224d}.Debug|Any CPU.Build.0 = Debug|Any CPU
		{7ccaee7c-57f1-d0dd-ef15-d3dae30f2370}.Debug|Any CPU.ActiveCfg = Debug|Any CPU
		{7ccaee7c-57f1-d0dd-ef15-d3dae30f2370}.Debug|Any CPU.Build.0 = Debug|Any CPU
		{3aaf3567-f4a2-0e75-184f-e4275dace456}.Debug|Any CPU.ActiveCfg = Debug|Any CPU
		{3aaf3567-f4a2-0e75-184f-e4275dace456}.Debug|Any CPU.Build.0 = Debug|Any CPU
		{1aad9bbb-07d9-7316-2a98-dd76a5ddacf2}.Debug|Any CPU.ActiveCfg = Debug|Any CPU
		{1aad9bbb-07d9-7316-2a98-dd76a5ddacf2}.Debug|Any CPU.Build.0 = Debug|Any CPU
	EndGlobalSection
	GlobalSection(SolutionProperties) = preSolution
		HideSolutionNode = FALSE
	EndGlobalSection
EndGlobal
